
Microsoft Visual Studio Solution File, Format Version 12.00
# Visual Studio Version 17
VisualStudioVersion = 17.8.34408.163
MinimumVisualStudioVersion = 10.0.40219.1
Project("{FAE04EC0-301F-11D3-BF4B-00C04F79EFBC}") = "DocumentManagementApp", "DocumentManagementApp\DocumentManagementApp.csproj", "{86409DE2-0346-476F-A5F3-D640FA110B4B}"
EndProject
Global
	GlobalSection(SolutionConfigurationPlatforms) = preSolution
		Debug|Any CPU = Debug|Any CPU
		Release|Any CPU = Release|Any CPU
	EndGlobalSection
	GlobalSection(ProjectConfigurationPlatforms) = postSolution
		{86409DE2-0346-476F-A5F3-D640FA110B4B}.Debug|Any CPU.ActiveCfg = Debug|Any CPU
		{86409DE2-0346-476F-A5F3-D640FA110B4B}.Debug|Any CPU.Build.0 = Debug|Any CPU
		{86409DE2-0346-476F-A5F3-D640FA110B4B}.Release|Any CPU.ActiveCfg = Release|Any CPU
		{86409DE2-0346-476F-A5F3-D640FA110B4B}.Release|Any CPU.Build.0 = Release|Any CPU
	EndGlobalSection
	GlobalSection(SolutionProperties) = preSolution
		HideSolutionNode = FALSE
	EndGlobalSection
	GlobalSection(ExtensibilityGlobals) = postSolution
		SolutionGuid = {7AFB68F7-A2A3-43C9-9D47-7B95091A99C0}
	EndGlobalSection
EndGlobal
