
Microsoft Visual Studio Solution File, Format Version 12.00
# Visual Studio Version 17
VisualStudioVersion = 17.9.34607.119
MinimumVisualStudioVersion = 10.0.40219.1
Project("{9A19103F-16F7-4668-BE54-9A1E7A4F7556}") = "DocumentManager", "DocumentManager\DocumentManager.csproj", "{1D417378-2ADF-4A1B-89C8-0FB3065190B2}"
EndProject
Global
	GlobalSection(SolutionConfigurationPlatforms) = preSolution
		Debug|Any CPU = Debug|Any CPU
		Release|Any CPU = Release|Any CPU
	EndGlobalSection
	GlobalSection(ProjectConfigurationPlatforms) = postSolution
		{1D417378-2ADF-4A1B-89C8-0FB3065190B2}.Debug|Any CPU.ActiveCfg = Debug|Any CPU
		{1D417378-2ADF-4A1B-89C8-0FB3065190B2}.Debug|Any CPU.Build.0 = Debug|Any CPU
		{1D417378-2ADF-4A1B-89C8-0FB3065190B2}.Release|Any CPU.ActiveCfg = Release|Any CPU
		{1D417378-2ADF-4A1B-89C8-0FB3065190B2}.Release|Any CPU.Build.0 = Release|Any CPU
	EndGlobalSection
	GlobalSection(SolutionProperties) = preSolution
		HideSolutionNode = FALSE
	EndGlobalSection
	GlobalSection(ExtensibilityGlobals) = postSolution
		SolutionGuid = {919BCD39-7CF3-4FCF-B3AF-8A9D669C54B8}
	EndGlobalSection
EndGlobal
